
Microsoft Visual Studio Solution File, Format Version 12.00
# Visual Studio Version 17
VisualStudioVersion = 17.14.36623.8
MinimumVisualStudioVersion = 10.0.40219.1
Project("{FAE04EC0-301F-11D3-BF4B-00C04F79EFBC}") = "WeatherApi", "WeatherApi\WeatherApi.csproj", "{6CAA8C7B-40C3-4A8C-8C23-E16DCE7943F3}"
EndProject
Project("{2150E333-8FDC-42A3-9474-1A3956D46DE8}") = "src", "src", "{02EA681E-C7D8-13C7-8484-4AC65E1B71E8}"
EndProject
Project("{2150E333-8FDC-42A3-9474-1A3956D46DE8}") = "tests", "tests", "{8F89AEAB-49D1-4BB7-8FE8-CE9F7ACB4877}"
EndProject
Project("{FAE04EC0-301F-11D3-BF4B-00C04F79EFBC}") = "WeatherApi.Tests", "WeatherApi.Tests\WeatherApi.Tests.csproj", "{75EAB21E-0651-40A7-BB61-2A739660A11A}"
EndProject
Global
	GlobalSection(SolutionConfigurationPlatforms) = preSolution
		Debug|Any CPU = Debug|Any CPU
		Release|Any CPU = Release|Any CPU
	EndGlobalSection
	GlobalSection(ProjectConfigurationPlatforms) = postSolution
		{6CAA8C7B-40C3-4A8C-8C23-E16DCE7943F3}.Debug|Any CPU.ActiveCfg = Debug|Any CPU
		{6CAA8C7B-40C3-4A8C-8C23-E16DCE7943F3}.Debug|Any CPU.Build.0 = Debug|Any CPU
		{6CAA8C7B-40C3-4A8C-8C23-E16DCE7943F3}.Release|Any CPU.ActiveCfg = Release|Any CPU
		{6CAA8C7B-40C3-4A8C-8C23-E16DCE7943F3}.Release|Any CPU.Build.0 = Release|Any CPU
		{75EAB21E-0651-40A7-BB61-2A739660A11A}.Debug|Any CPU.ActiveCfg = Debug|Any CPU
		{75EAB21E-0651-40A7-BB61-2A739660A11A}.Debug|Any CPU.Build.0 = Debug|Any CPU
		{75EAB21E-0651-40A7-BB61-2A739660A11A}.Release|Any CPU.ActiveCfg = Release|Any CPU
		{75EAB21E-0651-40A7-BB61-2A739660A11A}.Release|Any CPU.Build.0 = Release|Any CPU
	EndGlobalSection
	GlobalSection(SolutionProperties) = preSolution
		HideSolutionNode = FALSE
	EndGlobalSection
	GlobalSection(NestedProjects) = preSolution
		{6CAA8C7B-40C3-4A8C-8C23-E16DCE7943F3} = {02EA681E-C7D8-13C7-8484-4AC65E1B71E8}
		{75EAB21E-0651-40A7-BB61-2A739660A11A} = {8F89AEAB-49D1-4BB7-8FE8-CE9F7ACB4877}
	EndGlobalSection
	GlobalSection(ExtensibilityGlobals) = postSolution
		SolutionGuid = {A53365EB-E2EB-4EA9-9610-D76E07F5923C}
	EndGlobalSection
EndGlobal
